{
    "_meta": {
        "hash": {
            "sha256": "2513d338404e4b354a45b0cea8830e17883f676adc7109c0ff256b02c0187e80"
        },
        "pipfile-spec": 6,
        "requires": {
            "python_version": "3.9"
        },
        "sources": [
            {
                "name": "pypi",
                "url": "https://pypi.org/simple",
                "verify_ssl": true
            }
        ]
    },
    "default": {
        "cachetools": {
            "hashes": [
                "sha256:6a94c6402995a99c3970cc7e4884bb60b4a8639938157eeed436098bf9831757",
                "sha256:f9f17d2aec496a9aa6b76f53e3b614c965223c061982d434d160f930c698a9db"
            ],
            "markers": "python_version ~= '3.7'",
            "version": "==5.2.0"
        },
        "certifi": {
            "hashes": [
                "sha256:84c85a9078b11105f04f3036a9482ae10e4621616db313fe045dd24743a0820d",
                "sha256:fe86415d55e84719d75f8b69414f6438ac3547d2078ab91b67e779ef69378412"
            ],
            "markers": "python_version >= '3.6'",
            "version": "==2022.6.15"
        },
        "charset-normalizer": {
            "hashes": [
                "sha256:5a3d016c7c547f69d6f81fb0db9449ce888b418b5b9952cc5e6e66843e9dd845",
                "sha256:83e9a75d1911279afd89352c68b45348559d1fc0506b054b346651b5e7fee29f"
            ],
            "markers": "python_version >= '3.6'",
            "version": "==2.1.1"
        },
        "google-cloud-bigquery-storage": {
            "hashes": [
                "sha256:2b054d147dc3d7db2620d6d7dc9925dbd647d2d58a6de63fcb0eb12817626294",
                "sha256:bf483a80ae1c9842c7d5c99197d10325c784396def2a047d192676a072b3ac6d"
            ],
            "markers": "python_version >= '3.7'",
            "version": "==2.15.0"
        },
        "google-cloud-core": {
            "hashes": [
                "sha256:8417acf6466be2fa85123441696c4badda48db314c607cf1e5d543fa8bdc22fe",
                "sha256:b9529ee7047fd8d4bf4a2182de619154240df17fbe60ead399078c1ae152af9a"
            ],
            "markers": "python_version >= '3.7'",
            "version": "==2.3.2"
        },
        "google-crc32c": {
            "hashes": [
                "sha256:024894d9d3cfbc5943f8f230e23950cd4906b2fe004c72e29b209420a1e6b05a",
                "sha256:02c65b9817512edc6a4ae7c7e987fea799d2e0ee40c53ec573a692bee24de876",
                "sha256:02ebb8bf46c13e36998aeaad1de9b48f4caf545e91d14041270d9dca767b780c",
                "sha256:07eb3c611ce363c51a933bf6bd7f8e3878a51d124acfc89452a75120bc436289",
                "sha256:1034d91442ead5a95b5aaef90dbfaca8633b0247d1e41621d1e9f9db88c36298",
                "sha256:116a7c3c616dd14a3de8c64a965828b197e5f2d121fedd2f8c5585c547e87b02",
                "sha256:19e0a019d2c4dcc5e598cd4a4bc7b008546b0358bd322537c74ad47a5386884f",
                "sha256:1c7abdac90433b09bad6c43a43af253e688c9cfc1c86d332aed13f9a7c7f65e2",
                "sha256:1e986b206dae4476f41bcec1faa057851f3889503a70e1bdb2378d406223994a",
                "sha256:272d3892a1e1a2dbc39cc5cde96834c236d5327e2122d3aaa19f6614531bb6eb",
                "sha256:278d2ed7c16cfc075c91378c4f47924c0625f5fc84b2d50d921b18b7975bd210",
                "sha256:2ad40e31093a4af319dadf503b2467ccdc8f67c72e4bcba97f8c10cb078207b5",
                "sha256:2e920d506ec85eb4ba50cd4228c2bec05642894d4c73c59b3a2fe20346bd00ee",
                "sha256:3359fc442a743e870f4588fcf5dcbc1bf929df1fad8fb9905cd94e5edb02e84c",
                "sha256:37933ec6e693e51a5b07505bd05de57eee12f3e8c32b07da7e73669398e6630a",
                "sha256:398af5e3ba9cf768787eef45c803ff9614cc3e22a5b2f7d7ae116df8b11e3314",
                "sha256:3b747a674c20a67343cb61d43fdd9207ce5da6a99f629c6e2541aa0e89215bcd",
                "sha256:461665ff58895f508e2866824a47bdee72497b091c730071f2b7575d5762ab65",
                "sha256:4c6fdd4fccbec90cc8a01fc00773fcd5fa28db683c116ee3cb35cd5da9ef6c37",
                "sha256:5829b792bf5822fd0a6f6eb34c5f81dd074f01d570ed7f36aa101d6fc7a0a6e4",
                "sha256:596d1f98fc70232fcb6590c439f43b350cb762fb5d61ce7b0e9db4539654cc13",
                "sha256:5ae44e10a8e3407dbe138984f21e536583f2bba1be9491239f942c2464ac0894",
                "sha256:635f5d4dd18758a1fbd1049a8e8d2fee4ffed124462d837d1a02a0e009c3ab31",
                "sha256:64e52e2b3970bd891309c113b54cf0e4384762c934d5ae56e283f9a0afcd953e",
                "sha256:66741ef4ee08ea0b2cc3c86916ab66b6aef03768525627fd6a1b34968b4e3709",
                "sha256:67b741654b851abafb7bc625b6d1cdd520a379074e64b6a128e3b688c3c04740",
                "sha256:6ac08d24c1f16bd2bf5eca8eaf8304812f44af5cfe5062006ec676e7e1d50afc",
                "sha256:6f998db4e71b645350b9ac28a2167e6632c239963ca9da411523bb439c5c514d",
                "sha256:72218785ce41b9cfd2fc1d6a017dc1ff7acfc4c17d01053265c41a2c0cc39b8c",
                "sha256:74dea7751d98034887dbd821b7aae3e1d36eda111d6ca36c206c44478035709c",
                "sha256:759ce4851a4bb15ecabae28f4d2e18983c244eddd767f560165563bf9aefbc8d",
                "sha256:77e2fd3057c9d78e225fa0a2160f96b64a824de17840351b26825b0848022906",
                "sha256:7c074fece789b5034b9b1404a1f8208fc2d4c6ce9decdd16e8220c5a793e6f61",
                "sha256:7c42c70cd1d362284289c6273adda4c6af8039a8ae12dc451dcd61cdabb8ab57",
                "sha256:7f57f14606cd1dd0f0de396e1e53824c371e9544a822648cd76c034d209b559c",
                "sha256:83c681c526a3439b5cf94f7420471705bbf96262f49a6fe546a6db5f687a3d4a",
                "sha256:8485b340a6a9e76c62a7dce3c98e5f102c9219f4cfbf896a00cf48caf078d438",
                "sha256:84e6e8cd997930fc66d5bb4fde61e2b62ba19d62b7abd7a69920406f9ecca946",
                "sha256:89284716bc6a5a415d4eaa11b1726d2d60a0cd12aadf5439828353662ede9dd7",
                "sha256:8b87e1a59c38f275c0e3676fc2ab6d59eccecfd460be267ac360cc31f7bcde96",
                "sha256:8f24ed114432de109aa9fd317278518a5af2d31ac2ea6b952b2f7782b43da091",
                "sha256:98cb4d057f285bd80d8778ebc4fde6b4d509ac3f331758fb1528b733215443ae",
                "sha256:998679bf62b7fb599d2878aa3ed06b9ce688b8974893e7223c60db155f26bd8d",
                "sha256:9ba053c5f50430a3fcfd36f75aff9caeba0440b2d076afdb79a318d6ca245f88",
                "sha256:9c99616c853bb585301df6de07ca2cadad344fd1ada6d62bb30aec05219c45d2",
                "sha256:a1fd716e7a01f8e717490fbe2e431d2905ab8aa598b9b12f8d10abebb36b04dd",
                "sha256:a2355cba1f4ad8b6988a4ca3feed5bff33f6af2d7f134852cf279c2aebfde541",
                "sha256:b1f8133c9a275df5613a451e73f36c2aea4fe13c5c8997e22cf355ebd7bd0728",
                "sha256:b8667b48e7a7ef66afba2c81e1094ef526388d35b873966d8a9a447974ed9178",
                "sha256:ba1eb1843304b1e5537e1fca632fa894d6f6deca8d6389636ee5b4797affb968",
                "sha256:be82c3c8cfb15b30f36768797a640e800513793d6ae1724aaaafe5bf86f8f346",
                "sha256:c02ec1c5856179f171e032a31d6f8bf84e5a75c45c33b2e20a3de353b266ebd8",
                "sha256:c672d99a345849301784604bfeaeba4db0c7aae50b95be04dd651fd2a7310b93",
                "sha256:c6c777a480337ac14f38564ac88ae82d4cd238bf293f0a22295b66eb89ffced7",
                "sha256:cae0274952c079886567f3f4f685bcaf5708f0a23a5f5216fdab71f81a6c0273",
                "sha256:cd67cf24a553339d5062eff51013780a00d6f97a39ca062781d06b3a73b15462",
                "sha256:d3515f198eaa2f0ed49f8819d5732d70698c3fa37384146079b3799b97667a94",
                "sha256:d5280312b9af0976231f9e317c20e4a61cd2f9629b7bfea6a693d1878a264ebd",
                "sha256:de06adc872bcd8c2a4e0dc51250e9e65ef2ca91be023b9d13ebd67c2ba552e1e",
                "sha256:e1674e4307fa3024fc897ca774e9c7562c957af85df55efe2988ed9056dc4e57",
                "sha256:e2096eddb4e7c7bdae4bd69ad364e55e07b8316653234a56552d9c988bd2d61b",
                "sha256:e560628513ed34759456a416bf86b54b2476c59144a9138165c9a1575801d0d9",
                "sha256:edfedb64740750e1a3b16152620220f51d58ff1b4abceb339ca92e934775c27a",
                "sha256:f13cae8cc389a440def0c8c52057f37359014ccbc9dc1f0827936bcd367c6100",
                "sha256:f314013e7dcd5cf45ab1945d92e713eec788166262ae8deb2cfacd53def27325",
                "sha256:f583edb943cf2e09c60441b910d6a20b4d9d626c75a36c8fcac01a6c96c01183",
                "sha256:fd8536e902db7e365f49e7d9029283403974ccf29b13fc7028b97e2295b33556",
                "sha256:fe70e325aa68fa4b5edf7d1a4b6f691eb04bbccac0ace68e34820d283b5f80d4"
            ],
            "markers": "python_version >= '3.7'",
            "version": "==1.5.0"
        },
        "google-resumable-media": {
            "hashes": [
                "sha256:27c52620bd364d1c8116eaac4ea2afcbfb81ae9139fb3199652fcac1724bfb6c",
                "sha256:5b52774ea7a829a8cdaa8bd2d4c3d4bc660c91b30857ab2668d0eb830f4ea8c5"
            ],
            "markers": "python_version >= '3.6'",
            "version": "==2.3.3"
        },
        "google.api-core": {
            "hashes": [
                "sha256:1d053734f14591939e7764e99c31253fed46bf2578da0dcd82821f17a6dd991c",
                "sha256:325529859836a479244b0882c1a77320fd35cb108df2ec1232e3e908ea56eda4"
            ],
            "index": "pypi",
            "version": "==2.10.0"
        },
        "google.auth": {
            "hashes": [
                "sha256:be62acaae38d0049c21ca90f27a23847245c9f161ff54ede13af2cb6afecbac9",
                "sha256:ed65ecf9f681832298e29328e1ef0a3676e3732b2e56f41532d45f70a22de0fb"
            ],
            "index": "pypi",
            "version": "==2.11.0"
        },
        "google.cloud": {
            "hashes": [
                "sha256:01430187cf56df10a9ba775dd547393185d4b40741db0ea5889301f8e7a9d5d3",
                "sha256:fb1ab7b0548fe44b3d538041f0a374505b7f990d448a935ea36649c5ccab5acf"
            ],
            "index": "pypi",
            "version": "==0.34.0"
        },
        "google.cloud.bigquery": {
            "hashes": [
                "sha256:bf96407911c6fcbbe598be1b9c44e00a2600bff9eabad2a97f4332efc1165497",
                "sha256:c39cbd25b611b0a11f959af11164e1241d23b1ed032d2f3e7e428ce4730c20c0"
            ],
            "index": "pypi",
            "version": "==3.3.2"
        },
        "googleapis-common-protos": {
            "hashes": [
                "sha256:8eb2cbc91b69feaf23e32452a7ae60e791e09967d81d4fcc7fc388182d1bd394",
                "sha256:c25873c47279387cfdcbdafa36149887901d36202cb645a0e4f29686bf6e4417"
            ],
            "markers": "python_version >= '3.7'",
            "version": "==1.56.4"
        },
        "grpcio": {
            "hashes": [
                "sha256:1471e6f25a8e47d9f88499f48c565fc5b2876e8ee91bfb0ff33eaadd188b7ea6",
                "sha256:19f9c021ae858d3ef6d5ec4c0acf3f0b0a61e599e5aa36c36943c209520a0e66",
                "sha256:1c924d4e0493fd536ba3b82584b370e8b3c809ef341f9f828cff2dc3c761b3ab",
                "sha256:1d065f40fe74b52b88a6c42d4373a0983f1b0090f952a0747f34f2c11d6cbc64",
                "sha256:1ff1be0474846ed15682843b187e6062f845ddfeaceb2b28972073f474f7b735",
                "sha256:2563357697f5f2d7fd80c1b07a57ef4736551327ad84de604e7b9f6c1b6b4e20",
                "sha256:2b6c336409937fd1cd2bf78eb72651f44d292d88da5e63059a4e8bd01b9d7411",
                "sha256:3340cb2224cc397954def015729391d85fb31135b5a7efca363e73e6f1b0e908",
                "sha256:346bef672a1536d59437210f16af35389d715d2b321bfe4899b3d6476a196706",
                "sha256:3d319a0c89ffac9b8dfc75bfe727a4c835d18bbccc14203b20eb5949c6c7d87d",
                "sha256:460f5bec23fffa3c041aeba1f93a0f06b7a29e6a4da3658a52e1a866494920ab",
                "sha256:4786323555a9f2c6380cd9a9922bcfd42165a51d68d242eebfcdfdc667651c96",
                "sha256:53b6306f9473020bc47ddf64ca704356466e63d5f88f5c2a7bf0a4692e7f03c4",
                "sha256:53fa2fc1a1713195fa7acf7443a6f59b6ac7837607690f813c66cc18a9cb8135",
                "sha256:598c8c42420443c55431eba1821c7a2f72707f1ff674a4de9e0bb03282923cfb",
                "sha256:5a6a750c8324f3974e95265d3f9a0541573c537af1f67b3f6f46bf9c0b2e1b36",
                "sha256:5d81cd3c161291339ed3b469250c2f5013c3083dea7796e93aedff8f05fdcec1",
                "sha256:626822d799d8fab08f07c8d95ef5c36213d24143f7cad3f548e97413db9f4110",
                "sha256:660217eccd2943bf23ea9a36e2a292024305aec04bf747fbcff1f5032b83610e",
                "sha256:741eeff39a26d26da2b6d74ff0559f882ee95ee4e3b20c0b4b829021cb917f96",
                "sha256:7cee20a4f873d61274d70c28ff63d19677d9eeea869c6a9cbaf3a00712336b6c",
                "sha256:8bbaa6647986b874891bc682a1093df54cbdb073b5d4b844a2b480c47c7ffafd",
                "sha256:934aad7350d9577f4275e787f3d91d3c8ff4efffa8d6b807d343d3c891ff53eb",
                "sha256:9477967e605ba08715dcc769b5ee0f0d8b22bda40ef25a0df5a8759e5a4d21a5",
                "sha256:97dc35a99c61d5f35ec6457d3df0a4695ba9bb04a35686e1c254462b15c53f98",
                "sha256:9d116106cf220c79e91595523c893f1cf09ec0c2ea49de4fb82152528b7e6833",
                "sha256:9fba1d0ba7cf56811728f1951c800a9aca6677e86433c5e353f2cc2c4039fda6",
                "sha256:a15409bc1d05c52ecb00f5e42ab8ff280e7149f2eb854728f628fb2a0a161a5b",
                "sha256:a1b81849061c67c2ffaa6ed27aa3d9b0762e71e68e784e24b0330b7b1c67470a",
                "sha256:a5edbcb8289681fcb5ded7542f2b7dd456489e83007a95e32fcaf55e9f18603e",
                "sha256:a661d4b9b314327dec1e92ed57e591e8e5eb055700e0ba9e9687f734d922dcb6",
                "sha256:b005502c59835f9ba3c3f8742f64c19eeb3db41eae1a89b035a559b39b421803",
                "sha256:b01faf7934c606d5050cf055c1d03943180f23d995d68d04cf50c80d1ef2c65a",
                "sha256:b0fa666fecdb1b118d37823937e9237afa17fe734fc4dbe6dd642e1e4cca0246",
                "sha256:c54734a6eb3be544d332e65c846236d02e5fc71325e8c53af91e83a46b87b506",
                "sha256:c6b6969c529521c86884a13745a4b68930db1ef2e051735c0f479d0a7adb25b6",
                "sha256:ca382028cdfd2d79b7704b2acb8ae1fb54e9e1a03a6765e1895ba89a6fcfaba1",
                "sha256:ca5209ef89f7607be47a308fa92308cf079805ed556ecda672f00039a26e366f",
                "sha256:d03009a26f7edca9f0a581aa5d3153242b815b858cb4790e34a955afb303c6ba",
                "sha256:d751f8beb383c4a5a95625d7ccc1ab183b98b02c6a88924814ea7fbff530872d",
                "sha256:dad2501603f954f222a6e555413c454a5f8d763ab910fbab3855bcdfef6b3148",
                "sha256:dbba883c2b6d63949bc98ab1950bc22cf7c8d4e8cb68de6edde49d3cccd8fd26",
                "sha256:e02f6ba10a3d4e289fa7ae91b301783a750d118b60f17924ca05e506c7d29bc8",
                "sha256:f0ef1dafb4eadeaca58aec8c721a5a73d551064b0c63d57fa003e233277c642e",
                "sha256:f29627d66ae816837fd32c9450dc9c54780962cd74d034513ed829ba3ab46652",
                "sha256:f3a99ed422c38bd1bc893cb2cb2cea6d64173ec30927f699e95f5f58bdf625cf"
            ],
            "markers": "python_version >= '3.6'",
            "version": "==1.48.1"
        },
        "grpcio-status": {
            "hashes": [
                "sha256:655af4d0d6e67586cb2ca24c3db5fe08e4e2972d17f295f6b546fa7bd7eef1f6",
                "sha256:e04f8c2daa580a8f0f9929c10dc9d696857473f21469a5f2a990a15bafc21a86"
            ],
            "version": "==1.48.1"
        },
        "idna": {
            "hashes": [
                "sha256:84d9dd047ffa80596e0f246e2eab0b391788b0503584e8945f2368256d2735ff",
                "sha256:9d643ff0a55b762d5cdb124b8eaa99c66322e2157b69160bc32796e824360e6d"
            ],
            "markers": "python_version >= '3.5'",
            "version": "==3.3"
        },
        "numpy": {
            "hashes": [
                "sha256:17e5226674f6ea79e14e3b91bfbc153fdf3ac13f5cc54ee7bc8fdbe820a32da0",
                "sha256:2bd879d3ca4b6f39b7770829f73278b7c5e248c91d538aab1e506c628353e47f",
                "sha256:4f41f5bf20d9a521f8cab3a34557cd77b6f205ab2116651f12959714494268b0",
                "sha256:5593f67e66dea4e237f5af998d31a43e447786b2154ba1ad833676c788f37cde",
                "sha256:5e28cd64624dc2354a349152599e55308eb6ca95a13ce6a7d5679ebff2962913",
                "sha256:633679a472934b1c20a12ed0c9a6c9eb167fbb4cb89031939bfd03dd9dbc62b8",
                "sha256:806970e69106556d1dd200e26647e9bee5e2b3f1814f9da104a943e8d548ca38",
                "sha256:806cc25d5c43e240db709875e947076b2826f47c2c340a5a2f36da5bb10c58d6",
                "sha256:8247f01c4721479e482cc2f9f7d973f3f47810cbc8c65e38fd1bbd3141cc9842",
                "sha256:8ebf7e194b89bc66b78475bd3624d92980fca4e5bb86dda08d677d786fefc414",
                "sha256:8ecb818231afe5f0f568c81f12ce50f2b828ff2b27487520d85eb44c71313b9e",
                "sha256:8f9d84a24889ebb4c641a9b99e54adb8cab50972f0166a3abc14c3b93163f074",
                "sha256:909c56c4d4341ec8315291a105169d8aae732cfb4c250fbc375a1efb7a844f8f",
                "sha256:9b83d48e464f393d46e8dd8171687394d39bc5abfe2978896b77dc2604e8635d",
                "sha256:ac987b35df8c2a2eab495ee206658117e9ce867acf3ccb376a19e83070e69418",
                "sha256:b78d00e48261fbbd04aa0d7427cf78d18401ee0abd89c7559bbf422e5b1c7d01",
                "sha256:b8b97a8a87cadcd3f94659b4ef6ec056261fa1e1c3317f4193ac231d4df70215",
                "sha256:bd5b7ccae24e3d8501ee5563e82febc1771e73bd268eef82a1e8d2b4d556ae66",
                "sha256:bdc02c0235b261925102b1bd586579b7158e9d0d07ecb61148a1799214a4afd5",
                "sha256:be6b350dfbc7f708d9d853663772a9310783ea58f6035eec649fb9c4371b5389",
                "sha256:c403c81bb8ffb1c993d0165a11493fd4bf1353d258f6997b3ee288b0a48fce77",
                "sha256:cf8c6aed12a935abf2e290860af8e77b26a042eb7f2582ff83dc7ed5f963340c",
                "sha256:d98addfd3c8728ee8b2c49126f3c44c703e2b005d4a95998e2167af176a9e722",
                "sha256:dc76bca1ca98f4b122114435f83f1fcf3c0fe48e4e6f660e07996abf2f53903c",
                "sha256:dec198619b7dbd6db58603cd256e092bcadef22a796f778bf87f8592b468441d",
                "sha256:df28dda02c9328e122661f399f7655cdcbcf22ea42daa3650a26bce08a187450",
                "sha256:e603ca1fb47b913942f3e660a15e55a9ebca906857edfea476ae5f0fe9b457d5",
                "sha256:ecfdd68d334a6b97472ed032b5b37a30d8217c097acfff15e8452c710e775524"
            ],
            "markers": "python_version >= '3.8'",
            "version": "==1.23.2"
        },
        "packaging": {
            "hashes": [
                "sha256:dd47c42927d89ab911e606518907cc2d3a1f38bbd026385970643f9c5b8ecfeb",
                "sha256:ef103e05f519cdc783ae24ea4e2e0f508a9c99b2d4969652eed6a2e1ea5bd522"
            ],
            "markers": "python_version >= '3.6'",
            "version": "==21.3"
        },
        "proto-plus": {
            "hashes": [
                "sha256:6c7dfd122dfef8019ff654746be4f5b1d9c80bba787fe9611b508dd88be3a2fa",
                "sha256:ea8982669a23c379f74495bc48e3dcb47c822c484ce8ee1d1d7beb339d4e34c5"
            ],
            "markers": "python_version >= '3.6'",
            "version": "==1.22.1"
        },
        "protobuf": {
            "hashes": [
                "sha256:011c0f267e85f5d73750b6c25f0155d5db1e9443cd3590ab669a6221dd8fcdb0",
                "sha256:3ec6f5b37935406bb9df9b277e79f8ed81d697146e07ef2ba8a5a272fb24b2c9",
                "sha256:5310cbe761e87f0c1decce019d23f2101521d4dfff46034f8a12a53546036ec7",
                "sha256:5e0b272217aad8971763960238c1a1e6a65d50ef7824e23300da97569a251c55",
                "sha256:5e0ce02418ef03d7657a420ae8fd6fec4995ac713a3cb09164e95f694dbcf085",
                "sha256:5eb0724615e90075f1d763983e708e1cef08e66b1891d8b8b6c33bc3b2f1a02b",
                "sha256:7b6f22463e2d1053d03058b7b4ceca6e4ed4c14f8c286c32824df751137bf8e7",
                "sha256:a7faa62b183d6a928e3daffd06af843b4287d16ef6e40f331575ecd236a7974d",
                "sha256:b04484d6f42f48c57dd2737a72692f4c6987529cdd148fb5b8e5f616862a2e37",
                "sha256:b52e7a522911a40445a5f588bd5b5e584291bfc5545e09b7060685e4b2ff814f",
                "sha256:bf711b451212dc5b0fa45ae7dada07d8e71a4b0ff0bc8e4783ee145f47ac4f82",
                "sha256:e5c5a2886ae48d22a9d32fbb9b6636a089af3cd26b706750258ce1ca96cc0116",
                "sha256:eb1106e87e095628e96884a877a51cdb90087106ee693925ec0a300468a9be3a",
                "sha256:ee04f5823ed98bb9a8c3b1dc503c49515e0172650875c3f76e225b223793a1f2"
            ],
            "markers": "python_version >= '3.7'",
            "version": "==4.21.5"
        },
        "pyarrow": {
            "hashes": [
                "sha256:0238998dc692efcb4e41ae74738d7c1234723271ccf520bd8312dca07d49ef8d",
                "sha256:02b820ecd1da02012092c180447de449fc688d0c3f9ff8526ca301cdd60dacd0",
                "sha256:1c5a073a930c632058461547e0bc572da1e724b17b6b9eb31a97da13f50cb6e0",
                "sha256:29eb3e086e2b26202f3a4678316b93cfb15d0e2ba20f3ec12db8fd9cc07cde63",
                "sha256:2c715eca2092273dcccf6f08437371e04d112f9354245ba2fbe6c801879450b7",
                "sha256:2e753f8fcf07d8e3a0efa0c8bd51fef5c90281ffd4c5637c08ce42cd0ac297de",
                "sha256:3eef8a981f45d89de403e81fb83b8119c20824caddf1404274e41a5d66c73806",
                "sha256:4eebdab05afa23d5d5274b24c1cbeb1ba017d67c280f7d39fd8a8f18cbad2ec9",
                "sha256:5526a3bfb404ff6d31d62ea582cf2466c7378a474a99ee04d1a9b05de5264541",
                "sha256:55328348b9139c2b47450d512d716c2248fd58e2f04e2fc23a65e18726666d42",
                "sha256:767cafb14278165ad539a2918c14c1b73cf20689747c21375c38e3fe62884902",
                "sha256:7fa56cbd415cef912677270b8e41baad70cde04c6d8a8336eeb2aba85aa93706",
                "sha256:7fb02bebc13ab55573d1ae9bb5002a6d20ba767bf8569b52fce5301d42495ab7",
                "sha256:81a60bb291a964f63b2717fb1b28f6615ffab7e8585322bfb8a6738e6b321282",
                "sha256:8ad430cee28ebc4d6661fc7315747c7a18ae2a74e67498dcb039e1c762a2fb67",
                "sha256:92f3977e901db1ef5cba30d6cc1d7942b8d94b910c60f89013e8f7bb86a86eef",
                "sha256:9cef618159567d5f62040f2b79b1c7b38e3885f4ffad0ec97cd2d86f88b67cef",
                "sha256:a5b390bdcfb8c5b900ef543f911cdfec63e88524fafbcc15f83767202a4a2491",
                "sha256:d9eb04db626fa24fdfb83c00f76679ca0d98728cdbaa0481b6402bf793a290c0",
                "sha256:da3e0f319509a5881867effd7024099fb06950a0768dad0d6873668bb88cfaba",
                "sha256:f11a645a41ee531c3a5edda45dea07c42267f52571f818d388971d33fc7e2d4a",
                "sha256:f241bd488c2705df930eedfe304ada71191dcf67d6b98ceda0cc934fd2a8388e",
                "sha256:f59bcd5217a3ae1e17870792f82b2ff92df9f3862996e2c78e156c13e56ff62e",
                "sha256:f8c46bde1030d704e2796182286d1c56846552c50a39ad5bf5a20c0d8159fc35",
                "sha256:fc856628acd8d281652c15b6268ec7f27ebcb015abbe99d9baad17f02adc51f1",
                "sha256:fe2ce795fa1d95e4e940fe5661c3c58aee7181c730f65ac5dd8794a77228de59"
            ],
            "markers": "python_version >= '3.7'",
            "version": "==9.0.0"
        },
        "pyasn1": {
            "hashes": [
                "sha256:014c0e9976956a08139dc0712ae195324a75e142284d5f87f1a87ee1b068a359",
                "sha256:03840c999ba71680a131cfaee6fab142e1ed9bbd9c693e285cc6aca0d555e576",
                "sha256:0458773cfe65b153891ac249bcf1b5f8f320b7c2ce462151f8fa74de8934becf",
                "sha256:08c3c53b75eaa48d71cf8c710312316392ed40899cb34710d092e96745a358b7",
                "sha256:39c7e2ec30515947ff4e87fb6f456dfc6e84857d34be479c9d4a4ba4bf46aa5d",
                "sha256:5c9414dcfede6e441f7e8f81b43b34e834731003427e5b09e4e00e3172a10f00",
                "sha256:6e7545f1a61025a4e58bb336952c5061697da694db1cae97b116e9c46abcf7c8",
                "sha256:78fa6da68ed2727915c4767bb386ab32cdba863caa7dbe473eaae45f9959da86",
                "sha256:7ab8a544af125fb704feadb008c99a88805126fb525280b2270bb25cc1d78a12",
                "sha256:99fcc3c8d804d1bc6d9a099921e39d827026409a58f2a720dcdb89374ea0c776",
                "sha256:aef77c9fb94a3ac588e87841208bdec464471d9871bd5050a287cc9a475cd0ba",
                "sha256:e89bf84b5437b532b0803ba5c9a5e054d21fec423a89952a74f87fa2c9b7bce2",
                "sha256:fec3e9d8e36808a28efb59b489e4528c10ad0f480e57dcc32b4de5c9d8c9fdf3"
            ],
            "version": "==0.4.8"
        },
        "pyasn1-modules": {
            "hashes": [
                "sha256:0845a5582f6a02bb3e1bde9ecfc4bfcae6ec3210dd270522fee602365430c3f8",
                "sha256:0fe1b68d1e486a1ed5473f1302bd991c1611d319bba158e98b106ff86e1d7199",
                "sha256:15b7c67fabc7fc240d87fb9aabf999cf82311a6d6fb2c70d00d3d0604878c811",
                "sha256:426edb7a5e8879f1ec54a1864f16b882c2837bfd06eee62f2c982315ee2473ed",
                "sha256:65cebbaffc913f4fe9e4808735c95ea22d7a7775646ab690518c056784bc21b4",
                "sha256:905f84c712230b2c592c19470d3ca8d552de726050d1d1716282a1f6146be65e",
                "sha256:a50b808ffeb97cb3601dd25981f6b016cbb3d31fbf57a8b8a87428e6158d0c74",
                "sha256:a99324196732f53093a84c4369c996713eb8c89d360a496b599fb1a9c47fc3eb",
                "sha256:b80486a6c77252ea3a3e9b1e360bc9cf28eaac41263d173c032581ad2f20fe45",
                "sha256:c29a5e5cc7a3f05926aff34e097e84f8589cd790ce0ed41b67aed6857b26aafd",
                "sha256:cbac4bc38d117f2a49aeedec4407d23e8866ea4ac27ff2cf7fb3e5b570df19e0",
                "sha256:f39edd8c4ecaa4556e989147ebf219227e2cd2e8a43c7e7fcb1f1c18c5fd6a3d",
                "sha256:fe0644d9ab041506b62782e92b06b8c68cca799e1a9636ec398675459e031405"
            ],
            "version": "==0.2.8"
        },
        "pyparsing": {
            "hashes": [
                "sha256:2b020ecf7d21b687f219b71ecad3631f644a47f01403fa1d1036b0c6416d70fb",
                "sha256:5026bae9a10eeaefb61dab2f09052b9f4307d44aee4eda64b309723d8d206bbc"
            ],
            "markers": "python_full_version >= '3.6.8'",
            "version": "==3.0.9"
        },
        "python-dateutil": {
            "hashes": [
                "sha256:0123cacc1627ae19ddf3c27a5de5bd67ee4586fbdd6440d9748f8abb483d3e86",
                "sha256:961d03dc3453ebbc59dbdea9e4e11c5651520a876d0f4db161e8674aae935da9"
            ],
            "markers": "python_version >= '2.7' and python_version not in '3.0, 3.1, 3.2, 3.3'",
            "version": "==2.8.2"
        },
        "requests": {
            "hashes": [
                "sha256:7c5599b102feddaa661c826c56ab4fee28bfd17f5abca1ebbe3e7f19d7c97983",
                "sha256:8fefa2a1a1365bf5520aac41836fbee479da67864514bdb821f31ce07ce65349"
            ],
            "markers": "python_version >= '3.7' and python_version < '4'",
            "version": "==2.28.1"
        },
        "rsa": {
            "hashes": [
                "sha256:90260d9058e514786967344d0ef75fa8727eed8a7d2e43ce9f4bcf1b536174f7",
                "sha256:e38464a49c6c85d7f1351b0126661487a7e0a14a50f1675ec50eb34d4f20ef21"
            ],
            "markers": "python_version >= '3.6'",
            "version": "==4.9"
        },
        "six": {
            "hashes": [
                "sha256:1e61c37477a1626458e36f7b1d82aa5c9b094fa4802892072e49de9c60c4c926",
                "sha256:8abb2f1d86890a2dfb989f9a77cfcfd3e47c2a354b01111771326f8aa26e0254"
            ],
            "markers": "python_version >= '2.7' and python_version not in '3.0, 3.1, 3.2, 3.3'",
            "version": "==1.16.0"
        },
        "urllib3": {
            "hashes": [
                "sha256:3fa96cf423e6987997fc326ae8df396db2a8b7c667747d47ddd8ecba91f4a74e",
                "sha256:b930dd878d5a8afb066a637fbb35144fe7901e3b209d1cd4f524bd0e9deee997"
            ],
            "markers": "python_version >= '2.7' and python_version not in '3.0, 3.1, 3.2, 3.3, 3.4, 3.5' and python_version < '4'",
            "version": "==1.26.12"
        }
    },
    "develop": {}
}
